
Microsoft Visual Studio Solution File, Format Version 12.00
# Visual Studio Version 16
VisualStudioVersion = 16.0.32413.511
MinimumVisualStudioVersion = 10.0.40219.1
Project("{FAE04EC0-301F-11D3-BF4B-00C04F79EFBC}") = "FileUpload", "WebApplication2\FileUpload.csproj", "{2FC0947C-49A5-45AE-92FF-5848A6A15FD9}"
EndProject
Global
	GlobalSection(SolutionConfigurationPlatforms) = preSolution
		Debug|Any CPU = Debug|Any CPU
		Release|Any CPU = Release|Any CPU
	EndGlobalSection
	GlobalSection(ProjectConfigurationPlatforms) = postSolution
		{2FC0947C-49A5-45AE-92FF-5848A6A15FD9}.Debug|Any CPU.ActiveCfg = Debug|Any CPU
		{2FC0947C-49A5-45AE-92FF-5848A6A15FD9}.Debug|Any CPU.Build.0 = Debug|Any CPU
		{2FC0947C-49A5-45AE-92FF-5848A6A15FD9}.Release|Any CPU.ActiveCfg = Release|Any CPU
		{2FC0947C-49A5-45AE-92FF-5848A6A15FD9}.Release|Any CPU.Build.0 = Release|Any CPU
	EndGlobalSection
	GlobalSection(SolutionProperties) = preSolution
		HideSolutionNode = FALSE
	EndGlobalSection
	GlobalSection(ExtensibilityGlobals) = postSolution
		SolutionGuid = {CE04BD4F-7A62-41D4-83F5-1860E2DF0E26}
	EndGlobalSection
EndGlobal
